
Microsoft Visual Studio Solution File, Format Version 12.00
# Visual Studio Version 17
VisualStudioVersion = 17.0.32014.148
MinimumVisualStudioVersion = 10.0.40219.1
Project("{FAE04EC0-301F-11D3-BF4B-00C04F79EFBC}") = "CrystalSharpMySqlIntegrationExample.Application", "CrystalSharpMySqlIntegrationExample.Application\CrystalSharpMySqlIntegrationExample.Application.csproj", "{8AEEDA23-70B6-4455-8FDF-0CED801A55BC}"
EndProject
Project("{FAE04EC0-301F-11D3-BF4B-00C04F79EFBC}") = "CrystalSharpMySqlIntegrationExample.Api", "CrystalSharpMySqlIntegrationExample.Api\CrystalSharpMySqlIntegrationExample.Api.csproj", "{09F7D19E-5664-484E-9B31-8FC93B1413E6}"
EndProject
Global
	GlobalSection(SolutionConfigurationPlatforms) = preSolution
		Debug|Any CPU = Debug|Any CPU
		Release|Any CPU = Release|Any CPU
	EndGlobalSection
	GlobalSection(ProjectConfigurationPlatforms) = postSolution
		{8AEEDA23-70B6-4455-8FDF-0CED801A55BC}.Debug|Any CPU.ActiveCfg = Debug|Any CPU
		{8AEEDA23-70B6-4455-8FDF-0CED801A55BC}.Debug|Any CPU.Build.0 = Debug|Any CPU
		{8AEEDA23-70B6-4455-8FDF-0CED801A55BC}.Release|Any CPU.ActiveCfg = Release|Any CPU
		{8AEEDA23-70B6-4455-8FDF-0CED801A55BC}.Release|Any CPU.Build.0 = Release|Any CPU
		{09F7D19E-5664-484E-9B31-8FC93B1413E6}.Debug|Any CPU.ActiveCfg = Debug|Any CPU
		{09F7D19E-5664-484E-9B31-8FC93B1413E6}.Debug|Any CPU.Build.0 = Debug|Any CPU
		{09F7D19E-5664-484E-9B31-8FC93B1413E6}.Release|Any CPU.ActiveCfg = Release|Any CPU
		{09F7D19E-5664-484E-9B31-8FC93B1413E6}.Release|Any CPU.Build.0 = Release|Any CPU
	EndGlobalSection
	GlobalSection(SolutionProperties) = preSolution
		HideSolutionNode = FALSE
	EndGlobalSection
	GlobalSection(ExtensibilityGlobals) = postSolution
		SolutionGuid = {E4762726-6178-482C-AE7F-05A1A65148D5}
	EndGlobalSection
EndGlobal
